
Microsoft Visual Studio Solution File, Format Version 12.00
# Visual Studio Version 17
VisualStudioVersion = 17.8.34316.72
MinimumVisualStudioVersion = 10.0.40219.1
Project("{FAE04EC0-301F-11D3-BF4B-00C04F79EFBC}") = "Task1", "Task1.csproj", "{552343ED-CCC1-49A6-9272-077867F1FCEF}"
EndProject
Global
	GlobalSection(SolutionConfigurationPlatforms) = preSolution
		Debug|Any CPU = Debug|Any CPU
		Release|Any CPU = Release|Any CPU
	EndGlobalSection
	GlobalSection(ProjectConfigurationPlatforms) = postSolution
		{552343ED-CCC1-49A6-9272-077867F1FCEF}.Debug|Any CPU.ActiveCfg = Debug|Any CPU
		{552343ED-CCC1-49A6-9272-077867F1FCEF}.Debug|Any CPU.Build.0 = Debug|Any CPU
		{552343ED-CCC1-49A6-9272-077867F1FCEF}.Release|Any CPU.ActiveCfg = Release|Any CPU
		{552343ED-CCC1-49A6-9272-077867F1FCEF}.Release|Any CPU.Build.0 = Release|Any CPU
	EndGlobalSection
	GlobalSection(SolutionProperties) = preSolution
		HideSolutionNode = FALSE
	EndGlobalSection
	GlobalSection(ExtensibilityGlobals) = postSolution
		SolutionGuid = {D93BBB03-34C9-4FBA-9C5D-0012062CE162}
	EndGlobalSection
EndGlobal
